// !$*UTF8*$!
{
	archiveVersion = 1;
	classes = {
	};
	objectVersion = 48;
	objects = {

/* Begin PBXBuildFile section */
		0AF80252831ACE320DD1EA1D /* Pods_bit_flyer_chart_mvvmUITests.framework in Frameworks */ = {isa = PBXBuildFile; fileRef = 84FD19F33C1B4F410DDEE13D /* Pods_bit_flyer_chart_mvvmUITests.framework */; };
		1D854EE475D8BEFA1129B7B1 /* Pods_bit_flyer_chart_mvvm.framework in Frameworks */ = {isa = PBXBuildFile; fileRef = 93176C1E34AD7EF3C479DDA4 /* Pods_bit_flyer_chart_mvvm.framework */; };
		31F101FF1F828AE80046080E /* AppDelegate.swift in Sources */ = {isa = PBXBuildFile; fileRef = 31F101FE1F828AE80046080E /* AppDelegate.swift */; };
		31F102011F828AE80046080E /* FirstViewController.swift in Sources */ = {isa = PBXBuildFile; fileRef = 31F102001F828AE80046080E /* FirstViewController.swift */; };
		31F102031F828AE80046080E /* SecondViewController.swift in Sources */ = {isa = PBXBuildFile; fileRef = 31F102021F828AE80046080E /* SecondViewController.swift */; };
		31F102061F828AE80046080E /* Main.storyboard in Resources */ = {isa = PBXBuildFile; fileRef = 31F102041F828AE80046080E /* Main.storyboard */; };
		31F102081F828AE80046080E /* Assets.xcassets in Resources */ = {isa = PBXBuildFile; fileRef = 31F102071F828AE80046080E /* Assets.xcassets */; };
		31F1020B1F828AE80046080E /* LaunchScreen.storyboard in Resources */ = {isa = PBXBuildFile; fileRef = 31F102091F828AE80046080E /* LaunchScreen.storyboard */; };
		31F102161F828AE80046080E /* bit_flyer_chart_mvvmTests.swift in Sources */ = {isa = PBXBuildFile; fileRef = 31F102151F828AE80046080E /* bit_flyer_chart_mvvmTests.swift */; };
		31F102211F828AE80046080E /* bit_flyer_chart_mvvmUITests.swift in Sources */ = {isa = PBXBuildFile; fileRef = 31F102201F828AE80046080E /* bit_flyer_chart_mvvmUITests.swift */; };
		D2EF84ADE2821B16D9E7CE51 /* Pods_bit_flyer_chart_mvvmTests.framework in Frameworks */ = {isa = PBXBuildFile; fileRef = A5CA627E058058691DEC0806 /* Pods_bit_flyer_chart_mvvmTests.framework */; };
/* End PBXBuildFile section */

/* Begin PBXContainerItemProxy section */
		31F102121F828AE80046080E /* PBXContainerItemProxy */ = {
			isa = PBXContainerItemProxy;
			containerPortal = 31F101F31F828AE80046080E /* Project object */;
			proxyType = 1;
			remoteGlobalIDString = 31F101FA1F828AE80046080E;
			remoteInfo = "bit-flyer-chart-mvvm";
		};
		31F1021D1F828AE80046080E /* PBXContainerItemProxy */ = {
			isa = PBXContainerItemProxy;
			containerPortal = 31F101F31F828AE80046080E /* Project object */;
			proxyType = 1;
			remoteGlobalIDString = 31F101FA1F828AE80046080E;
			remoteInfo = "bit-flyer-chart-mvvm";
		};
/* End PBXContainerItemProxy section */

/* Begin PBXFileReference section */
		31F101FB1F828AE80046080E /* bit-flyer-chart-mvvm.app */ = {isa = PBXFileReference; explicitFileType = wrapper.application; includeInIndex = 0; path = "bit-flyer-chart-mvvm.app"; sourceTree = BUILT_PRODUCTS_DIR; };
		31F101FE1F828AE80046080E /* AppDelegate.swift */ = {isa = PBXFileReference; lastKnownFileType = sourcecode.swift; path = AppDelegate.swift; sourceTree = "<group>"; };
		31F102001F828AE80046080E /* FirstViewController.swift */ = {isa = PBXFileReference; lastKnownFileType = sourcecode.swift; path = FirstViewController.swift; sourceTree = "<group>"; };
		31F102021F828AE80046080E /* SecondViewController.swift */ = {isa = PBXFileReference; lastKnownFileType = sourcecode.swift; path = SecondViewController.swift; sourceTree = "<group>"; };
		31F102051F828AE80046080E /* Base */ = {isa = PBXFileReference; lastKnownFileType = file.storyboard; name = Base; path = Base.lproj/Main.storyboard; sourceTree = "<group>"; };
		31F102071F828AE80046080E /* Assets.xcassets */ = {isa = PBXFileReference; lastKnownFileType = folder.assetcatalog; path = Assets.xcassets; sourceTree = "<group>"; };
		31F1020A1F828AE80046080E /* Base */ = {isa = PBXFileReference; lastKnownFileType = file.storyboard; name = Base; path = Base.lproj/LaunchScreen.storyboard; sourceTree = "<group>"; };
		31F1020C1F828AE80046080E /* Info.plist */ = {isa = PBXFileReference; lastKnownFileType = text.plist.xml; path = Info.plist; sourceTree = "<group>"; };
		31F102111F828AE80046080E /* bit-flyer-chart-mvvmTests.xctest */ = {isa = PBXFileReference; explicitFileType = wrapper.cfbundle; includeInIndex = 0; path = "bit-flyer-chart-mvvmTests.xctest"; sourceTree = BUILT_PRODUCTS_DIR; };
		31F102151F828AE80046080E /* bit_flyer_chart_mvvmTests.swift */ = {isa = PBXFileReference; lastKnownFileType = sourcecode.swift; path = bit_flyer_chart_mvvmTests.swift; sourceTree = "<group>"; };
		31F102171F828AE80046080E /* Info.plist */ = {isa = PBXFileReference; lastKnownFileType = text.plist.xml; path = Info.plist; sourceTree = "<group>"; };
		31F1021C1F828AE80046080E /* bit-flyer-chart-mvvmUITests.xctest */ = {isa = PBXFileReference; explicitFileType = wrapper.cfbundle; includeInIndex = 0; path = "bit-flyer-chart-mvvmUITests.xctest"; sourceTree = BUILT_PRODUCTS_DIR; };
		31F102201F828AE80046080E /* bit_flyer_chart_mvvmUITests.swift */ = {isa = PBXFileReference; lastKnownFileType = sourcecode.swift; path = bit_flyer_chart_mvvmUITests.swift; sourceTree = "<group>"; };
		31F102221F828AE80046080E /* Info.plist */ = {isa = PBXFileReference; lastKnownFileType = text.plist.xml; path = Info.plist; sourceTree = "<group>"; };
		4CA48DAA680A9149F4239077 /* Pods-bit-flyer-chart-mvvm.debug.xcconfig */ = {isa = PBXFileReference; includeInIndex = 1; lastKnownFileType = text.xcconfig; name = "Pods-bit-flyer-chart-mvvm.debug.xcconfig"; path = "Pods/Target Support Files/Pods-bit-flyer-chart-mvvm/Pods-bit-flyer-chart-mvvm.debug.xcconfig"; sourceTree = "<group>"; };
		82EE4E4D288F65589309630B /* Pods-bit-flyer-chart-mvvm.release.xcconfig */ = {isa = PBXFileReference; includeInIndex = 1; lastKnownFileType = text.xcconfig; name = "Pods-bit-flyer-chart-mvvm.release.xcconfig"; path = "Pods/Target Support Files/Pods-bit-flyer-chart-mvvm/Pods-bit-flyer-chart-mvvm.release.xcconfig"; sourceTree = "<group>"; };
		84FD19F33C1B4F410DDEE13D /* Pods_bit_flyer_chart_mvvmUITests.framework */ = {isa = PBXFileReference; explicitFileType = wrapper.framework; includeInIndex = 0; path = Pods_bit_flyer_chart_mvvmUITests.framework; sourceTree = BUILT_PRODUCTS_DIR; };
		93176C1E34AD7EF3C479DDA4 /* Pods_bit_flyer_chart_mvvm.framework */ = {isa = PBXFileReference; explicitFileType = wrapper.framework; includeInIndex = 0; path = Pods_bit_flyer_chart_mvvm.framework; sourceTree = BUILT_PRODUCTS_DIR; };
		94B46D9EF9B6912EED8A9E0B /* Pods-bit-flyer-chart-mvvmTests.release.xcconfig */ = {isa = PBXFileReference; includeInIndex = 1; lastKnownFileType = text.xcconfig; name = "Pods-bit-flyer-chart-mvvmTests.release.xcconfig"; path = "Pods/Target Support Files/Pods-bit-flyer-chart-mvvmTests/Pods-bit-flyer-chart-mvvmTests.release.xcconfig"; sourceTree = "<group>"; };
		A5CA627E058058691DEC0806 /* Pods_bit_flyer_chart_mvvmTests.framework */ = {isa = PBXFileReference; explicitFileType = wrapper.framework; includeInIndex = 0; path = Pods_bit_flyer_chart_mvvmTests.framework; sourceTree = BUILT_PRODUCTS_DIR; };
		BF54AE35BE2D59759559EB1A /* Pods-bit-flyer-chart-mvvmUITests.release.xcconfig */ = {isa = PBXFileReference; includeInIndex = 1; lastKnownFileType = text.xcconfig; name = "Pods-bit-flyer-chart-mvvmUITests.release.xcconfig"; path = "Pods/Target Support Files/Pods-bit-flyer-chart-mvvmUITests/Pods-bit-flyer-chart-mvvmUITests.release.xcconfig"; sourceTree = "<group>"; };
		E44042C40BBA2028FFCFC875 /* Pods-bit-flyer-chart-mvvmUITests.debug.xcconfig */ = {isa = PBXFileReference; includeInIndex = 1; lastKnownFileType = text.xcconfig; name = "Pods-bit-flyer-chart-mvvmUITests.debug.xcconfig"; path = "Pods/Target Support Files/Pods-bit-flyer-chart-mvvmUITests/Pods-bit-flyer-chart-mvvmUITests.debug.xcconfig"; sourceTree = "<group>"; };
		FE9FA61A335BC14668569134 /* Pods-bit-flyer-chart-mvvmTests.debug.xcconfig */ = {isa = PBXFileReference; includeInIndex = 1; lastKnownFileType = text.xcconfig; name = "Pods-bit-flyer-chart-mvvmTests.debug.xcconfig"; path = "Pods/Target Support Files/Pods-bit-flyer-chart-mvvmTests/Pods-bit-flyer-chart-mvvmTests.debug.xcconfig"; sourceTree = "<group>"; };
/* End PBXFileReference section */

/* Begin PBXFrameworksBuildPhase section */
		31F101F81F828AE80046080E /* Frameworks */ = {
			isa = PBXFrameworksBuildPhase;
			buildActionMask = 2147483647;
			files = (
				1D854EE475D8BEFA1129B7B1 /* Pods_bit_flyer_chart_mvvm.framework in Frameworks */,
			);
			runOnlyForDeploymentPostprocessing = 0;
		};
		31F1020E1F828AE80046080E /* Frameworks */ = {
			isa = PBXFrameworksBuildPhase;
			buildActionMask = 2147483647;
			files = (
				D2EF84ADE2821B16D9E7CE51 /* Pods_bit_flyer_chart_mvvmTests.framework in Frameworks */,
			);
			runOnlyForDeploymentPostprocessing = 0;
		};
		31F102191F828AE80046080E /* Frameworks */ = {
			isa = PBXFrameworksBuildPhase;
			buildActionMask = 2147483647;
			files = (
				0AF80252831ACE320DD1EA1D /* Pods_bit_flyer_chart_mvvmUITests.framework in Frameworks */,
			);
			runOnlyForDeploymentPostprocessing = 0;
		};
/* End PBXFrameworksBuildPhase section */

/* Begin PBXGroup section */
		31F101F21F828AE80046080E = {
			isa = PBXGroup;
			children = (
				31F101FD1F828AE80046080E /* bit-flyer-chart-mvvm */,
				31F102141F828AE80046080E /* bit-flyer-chart-mvvmTests */,
				31F1021F1F828AE80046080E /* bit-flyer-chart-mvvmUITests */,
				31F101FC1F828AE80046080E /* Products */,
				D0842D3FEC87B3512C62A0A0 /* Pods */,
				BE23A7BCC824FFBA3D58915C /* Frameworks */,
			);
			sourceTree = "<group>";
		};
		31F101FC1F828AE80046080E /* Products */ = {
			isa = PBXGroup;
			children = (
				31F101FB1F828AE80046080E /* bit-flyer-chart-mvvm.app */,
				31F102111F828AE80046080E /* bit-flyer-chart-mvvmTests.xctest */,
				31F1021C1F828AE80046080E /* bit-flyer-chart-mvvmUITests.xctest */,
			);
			name = Products;
			sourceTree = "<group>";
		};
		31F101FD1F828AE80046080E /* bit-flyer-chart-mvvm */ = {
			isa = PBXGroup;
			children = (
				31F101FE1F828AE80046080E /* AppDelegate.swift */,
				31F102001F828AE80046080E /* FirstViewController.swift */,
				31F102021F828AE80046080E /* SecondViewController.swift */,
				31F102041F828AE80046080E /* Main.storyboard */,
				31F102071F828AE80046080E /* Assets.xcassets */,
				31F102091F828AE80046080E /* LaunchScreen.storyboard */,
				31F1020C1F828AE80046080E /* Info.plist */,
			);
			path = "bit-flyer-chart-mvvm";
			sourceTree = "<group>";
		};
		31F102141F828AE80046080E /* bit-flyer-chart-mvvmTests */ = {
			isa = PBXGroup;
			children = (
				31F102151F828AE80046080E /* bit_flyer_chart_mvvmTests.swift */,
				31F102171F828AE80046080E /* Info.plist */,
			);
			path = "bit-flyer-chart-mvvmTests";
			sourceTree = "<group>";
		};
		31F1021F1F828AE80046080E /* bit-flyer-chart-mvvmUITests */ = {
			isa = PBXGroup;
			children = (
				31F102201F828AE80046080E /* bit_flyer_chart_mvvmUITests.swift */,
				31F102221F828AE80046080E /* Info.plist */,
			);
			path = "bit-flyer-chart-mvvmUITests";
			sourceTree = "<group>";
		};
		BE23A7BCC824FFBA3D58915C /* Frameworks */ = {
			isa = PBXGroup;
			children = (
				93176C1E34AD7EF3C479DDA4 /* Pods_bit_flyer_chart_mvvm.framework */,
				A5CA627E058058691DEC0806 /* Pods_bit_flyer_chart_mvvmTests.framework */,
				84FD19F33C1B4F410DDEE13D /* Pods_bit_flyer_chart_mvvmUITests.framework */,
			);
			name = Frameworks;
			sourceTree = "<group>";
		};
		D0842D3FEC87B3512C62A0A0 /* Pods */ = {
			isa = PBXGroup;
			children = (
				4CA48DAA680A9149F4239077 /* Pods-bit-flyer-chart-mvvm.debug.xcconfig */,
				82EE4E4D288F65589309630B /* Pods-bit-flyer-chart-mvvm.release.xcconfig */,
				FE9FA61A335BC14668569134 /* Pods-bit-flyer-chart-mvvmTests.debug.xcconfig */,
				94B46D9EF9B6912EED8A9E0B /* Pods-bit-flyer-chart-mvvmTests.release.xcconfig */,
				E44042C40BBA2028FFCFC875 /* Pods-bit-flyer-chart-mvvmUITests.debug.xcconfig */,
				BF54AE35BE2D59759559EB1A /* Pods-bit-flyer-chart-mvvmUITests.release.xcconfig */,
			);
			name = Pods;
			sourceTree = "<group>";
		};
/* End PBXGroup section */

/* Begin PBXNativeTarget section */
		31F101FA1F828AE80046080E /* bit-flyer-chart-mvvm */ = {
			isa = PBXNativeTarget;
			buildConfigurationList = 31F102251F828AE80046080E /* Build configuration list for PBXNativeTarget "bit-flyer-chart-mvvm" */;
			buildPhases = (
				D277B3CFA8CA3E4BC406B30A /* [CP] Check Pods Manifest.lock */,
				31F101F71F828AE80046080E /* Sources */,
				31F101F81F828AE80046080E /* Frameworks */,
				31F101F91F828AE80046080E /* Resources */,
				476A8A8EF5383E75921749F0 /* [CP] Embed Pods Frameworks */,
				2A197B4C4E7681C3D08E5673 /* [CP] Copy Pods Resources */,
			);
			buildRules = (
			);
			dependencies = (
			);
			name = "bit-flyer-chart-mvvm";
			productName = "bit-flyer-chart-mvvm";
			productReference = 31F101FB1F828AE80046080E /* bit-flyer-chart-mvvm.app */;
			productType = "com.apple.product-type.application";
		};
		31F102101F828AE80046080E /* bit-flyer-chart-mvvmTests */ = {
			isa = PBXNativeTarget;
			buildConfigurationList = 31F102281F828AE80046080E /* Build configuration list for PBXNativeTarget "bit-flyer-chart-mvvmTests" */;
			buildPhases = (
				58AE48F0B84B692565D4CB14 /* [CP] Check Pods Manifest.lock */,
				31F1020D1F828AE80046080E /* Sources */,
				31F1020E1F828AE80046080E /* Frameworks */,
				31F1020F1F828AE80046080E /* Resources */,
				71720E08150AB976AF5B794D /* [CP] Embed Pods Frameworks */,
				EAF1D2FEB695C927E25FC384 /* [CP] Copy Pods Resources */,
			);
			buildRules = (
			);
			dependencies = (
				31F102131F828AE80046080E /* PBXTargetDependency */,
			);
			name = "bit-flyer-chart-mvvmTests";
			productName = "bit-flyer-chart-mvvmTests";
			productReference = 31F102111F828AE80046080E /* bit-flyer-chart-mvvmTests.xctest */;
			productType = "com.apple.product-type.bundle.unit-test";
		};
		31F1021B1F828AE80046080E /* bit-flyer-chart-mvvmUITests */ = {
			isa = PBXNativeTarget;
			buildConfigurationList = 31F1022B1F828AE80046080E /* Build configuration list for PBXNativeTarget "bit-flyer-chart-mvvmUITests" */;
			buildPhases = (
				ED622DEFFF2469DE8AAD9EA5 /* [CP] Check Pods Manifest.lock */,
				31F102181F828AE80046080E /* Sources */,
				31F102191F828AE80046080E /* Frameworks */,
				31F1021A1F828AE80046080E /* Resources */,
				ACB968681643E56661C8ACD2 /* [CP] Embed Pods Frameworks */,
				3A93CCC48D52D87966341863 /* [CP] Copy Pods Resources */,
			);
			buildRules = (
			);
			dependencies = (
				31F1021E1F828AE80046080E /* PBXTargetDependency */,
			);
			name = "bit-flyer-chart-mvvmUITests";
			productName = "bit-flyer-chart-mvvmUITests";
			productReference = 31F1021C1F828AE80046080E /* bit-flyer-chart-mvvmUITests.xctest */;
			productType = "com.apple.product-type.bundle.ui-testing";
		};
/* End PBXNativeTarget section */

/* Begin PBXProject section */
		31F101F31F828AE80046080E /* Project object */ = {
			isa = PBXProject;
			attributes = {
				LastSwiftUpdateCheck = 0900;
				LastUpgradeCheck = 0900;
				ORGANIZATIONNAME = com.example;
				TargetAttributes = {
					31F101FA1F828AE80046080E = {
						CreatedOnToolsVersion = 9.0;
						ProvisioningStyle = Automatic;
					};
					31F102101F828AE80046080E = {
						CreatedOnToolsVersion = 9.0;
						ProvisioningStyle = Automatic;
						TestTargetID = 31F101FA1F828AE80046080E;
					};
					31F1021B1F828AE80046080E = {
						CreatedOnToolsVersion = 9.0;
						ProvisioningStyle = Automatic;
						TestTargetID = 31F101FA1F828AE80046080E;
					};
				};
			};
			buildConfigurationList = 31F101F61F828AE80046080E /* Build configuration list for PBXProject "bit-flyer-chart-mvvm" */;
			compatibilityVersion = "Xcode 8.0";
			developmentRegion = en;
			hasScannedForEncodings = 0;
			knownRegions = (
				en,
				Base,
			);
			mainGroup = 31F101F21F828AE80046080E;
			productRefGroup = 31F101FC1F828AE80046080E /* Products */;
			projectDirPath = "";
			projectRoot = "";
			targets = (
				31F101FA1F828AE80046080E /* bit-flyer-chart-mvvm */,
				31F102101F828AE80046080E /* bit-flyer-chart-mvvmTests */,
				31F1021B1F828AE80046080E /* bit-flyer-chart-mvvmUITests */,
			);
		};
/* End PBXProject section */

/* Begin PBXResourcesBuildPhase section */
		31F101F91F828AE80046080E /* Resources */ = {
			isa = PBXResourcesBuildPhase;
			buildActionMask = 2147483647;
			files = (
				31F1020B1F828AE80046080E /* LaunchScreen.storyboard in Resources */,
				31F102081F828AE80046080E /* Assets.xcassets in Resources */,
				31F102061F828AE80046080E /* Main.storyboard in Resources */,
			);
			runOnlyForDeploymentPostprocessing = 0;
		};
		31F1020F1F828AE80046080E /* Resources */ = {
			isa = PBXResourcesBuildPhase;
			buildActionMask = 2147483647;
			files = (
			);
			runOnlyForDeploymentPostprocessing = 0;
		};
		31F1021A1F828AE80046080E /* Resources */ = {
			isa = PBXResourcesBuildPhase;
			buildActionMask = 2147483647;
			files = (
			);
			runOnlyForDeploymentPostprocessing = 0;
		};
/* End PBXResourcesBuildPhase section */

/* Begin PBXShellScriptBuildPhase section */
		2A197B4C4E7681C3D08E5673 /* [CP] Copy Pods Resources */ = {
			isa = PBXShellScriptBuildPhase;
			buildActionMask = 2147483647;
			files = (
			);
			inputPaths = (
			);
			name = "[CP] Copy Pods Resources";
			outputPaths = (
			);
			runOnlyForDeploymentPostprocessing = 0;
			shellPath = /bin/sh;
			shellScript = "\"${SRCROOT}/Pods/Target Support Files/Pods-bit-flyer-chart-mvvm/Pods-bit-flyer-chart-mvvm-resources.sh\"\n";
			showEnvVarsInLog = 0;
		};
		3A93CCC48D52D87966341863 /* [CP] Copy Pods Resources */ = {
			isa = PBXShellScriptBuildPhase;
			buildActionMask = 2147483647;
			files = (
			);
			inputPaths = (
			);
			name = "[CP] Copy Pods Resources";
			outputPaths = (
			);
			runOnlyForDeploymentPostprocessing = 0;
			shellPath = /bin/sh;
			shellScript = "\"${SRCROOT}/Pods/Target Support Files/Pods-bit-flyer-chart-mvvmUITests/Pods-bit-flyer-chart-mvvmUITests-resources.sh\"\n";
			showEnvVarsInLog = 0;
		};
		476A8A8EF5383E75921749F0 /* [CP] Embed Pods Frameworks */ = {
			isa = PBXShellScriptBuildPhase;
			buildActionMask = 2147483647;
			files = (
			);
			inputPaths = (
				"${SRCROOT}/Pods/Target Support Files/Pods-bit-flyer-chart-mvvm/Pods-bit-flyer-chart-mvvm-frameworks.sh",
				"${BUILT_PRODUCTS_DIR}/RxCocoa/RxCocoa.framework",
				"${BUILT_PRODUCTS_DIR}/RxSwift/RxSwift.framework",
			);
			name = "[CP] Embed Pods Frameworks";
			outputPaths = (
				"${TARGET_BUILD_DIR}/${FRAMEWORKS_FOLDER_PATH}/RxCocoa.framework",
				"${TARGET_BUILD_DIR}/${FRAMEWORKS_FOLDER_PATH}/RxSwift.framework",
			);
			runOnlyForDeploymentPostprocessing = 0;
			shellPath = /bin/sh;
			shellScript = "\"${SRCROOT}/Pods/Target Support Files/Pods-bit-flyer-chart-mvvm/Pods-bit-flyer-chart-mvvm-frameworks.sh\"\n";
			showEnvVarsInLog = 0;
		};
		58AE48F0B84B692565D4CB14 /* [CP] Check Pods Manifest.lock */ = {
			isa = PBXShellScriptBuildPhase;
			buildActionMask = 2147483647;
			files = (
			);
			inputPaths = (
				"${PODS_PODFILE_DIR_PATH}/Podfile.lock",
				"${PODS_ROOT}/Manifest.lock",
			);
			name = "[CP] Check Pods Manifest.lock";
			outputPaths = (
				"$(DERIVED_FILE_DIR)/Pods-bit-flyer-chart-mvvmTests-checkManifestLockResult.txt",
			);
			runOnlyForDeploymentPostprocessing = 0;
			shellPath = /bin/sh;
			shellScript = "diff \"${PODS_PODFILE_DIR_PATH}/Podfile.lock\" \"${PODS_ROOT}/Manifest.lock\" > /dev/null\nif [ $? != 0 ] ; then\n    # print error to STDERR\n    echo \"error: The sandbox is not in sync with the Podfile.lock. Run 'pod install' or update your CocoaPods installation.\" >&2\n    exit 1\nfi\n# This output is used by Xcode 'outputs' to avoid re-running this script phase.\necho \"SUCCESS\" > \"${SCRIPT_OUTPUT_FILE_0}\"\n";
			showEnvVarsInLog = 0;
		};
		71720E08150AB976AF5B794D /* [CP] Embed Pods Frameworks */ = {
			isa = PBXShellScriptBuildPhase;
			buildActionMask = 2147483647;
			files = (
			);
			inputPaths = (
				"${SRCROOT}/Pods/Target Support Files/Pods-bit-flyer-chart-mvvmTests/Pods-bit-flyer-chart-mvvmTests-frameworks.sh",
				"${BUILT_PRODUCTS_DIR}/RxSwift/RxSwift.framework",
				"${BUILT_PRODUCTS_DIR}/RxBlocking/RxBlocking.framework",
				"${BUILT_PRODUCTS_DIR}/RxTest/RxTest.framework",
			);
			name = "[CP] Embed Pods Frameworks";
			outputPaths = (
				"${TARGET_BUILD_DIR}/${FRAMEWORKS_FOLDER_PATH}/RxSwift.framework",
				"${TARGET_BUILD_DIR}/${FRAMEWORKS_FOLDER_PATH}/RxBlocking.framework",
				"${TARGET_BUILD_DIR}/${FRAMEWORKS_FOLDER_PATH}/RxTest.framework",
			);
			runOnlyForDeploymentPostprocessing = 0;
			shellPath = /bin/sh;
			shellScript = "\"${SRCROOT}/Pods/Target Support Files/Pods-bit-flyer-chart-mvvmTests/Pods-bit-flyer-chart-mvvmTests-frameworks.sh\"\n";
			showEnvVarsInLog = 0;
		};
		ACB968681643E56661C8ACD2 /* [CP] Embed Pods Frameworks */ = {
			isa = PBXShellScriptBuildPhase;
			buildActionMask = 2147483647;
			files = (
			);
			inputPaths = (
				"${SRCROOT}/Pods/Target Support Files/Pods-bit-flyer-chart-mvvmUITests/Pods-bit-flyer-chart-mvvmUITests-frameworks.sh",
				"${BUILT_PRODUCTS_DIR}/RxSwift/RxSwift.framework",
				"${BUILT_PRODUCTS_DIR}/RxBlocking/RxBlocking.framework",
				"${BUILT_PRODUCTS_DIR}/RxTest/RxTest.framework",
			);
			name = "[CP] Embed Pods Frameworks";
			outputPaths = (
				"${TARGET_BUILD_DIR}/${FRAMEWORKS_FOLDER_PATH}/RxSwift.framework",
				"${TARGET_BUILD_DIR}/${FRAMEWORKS_FOLDER_PATH}/RxBlocking.framework",
				"${TARGET_BUILD_DIR}/${FRAMEWORKS_FOLDER_PATH}/RxTest.framework",
			);
			runOnlyForDeploymentPostprocessing = 0;
			shellPath = /bin/sh;
			shellScript = "\"${SRCROOT}/Pods/Target Support Files/Pods-bit-flyer-chart-mvvmUITests/Pods-bit-flyer-chart-mvvmUITests-frameworks.sh\"\n";
			showEnvVarsInLog = 0;
		};
		D277B3CFA8CA3E4BC406B30A /* [CP] Check Pods Manifest.lock */ = {
			isa = PBXShellScriptBuildPhase;
			buildActionMask = 2147483647;
			files = (
			);
			inputPaths = (
				"${PODS_PODFILE_DIR_PATH}/Podfile.lock",
				"${PODS_ROOT}/Manifest.lock",
			);
			name = "[CP] Check Pods Manifest.lock";
			outputPaths = (
				"$(DERIVED_FILE_DIR)/Pods-bit-flyer-chart-mvvm-checkManifestLockResult.txt",
			);
			runOnlyForDeploymentPostprocessing = 0;
			shellPath = /bin/sh;
			shellScript = "diff \"${PODS_PODFILE_DIR_PATH}/Podfile.lock\" \"${PODS_ROOT}/Manifest.lock\" > /dev/null\nif [ $? != 0 ] ; then\n    # print error to STDERR\n    echo \"error: The sandbox is not in sync with the Podfile.lock. Run 'pod install' or update your CocoaPods installation.\" >&2\n    exit 1\nfi\n# This output is used by Xcode 'outputs' to avoid re-running this script phase.\necho \"SUCCESS\" > \"${SCRIPT_OUTPUT_FILE_0}\"\n";
			showEnvVarsInLog = 0;
		};
		EAF1D2FEB695C927E25FC384 /* [CP] Copy Pods Resources */ = {
			isa = PBXShellScriptBuildPhase;
			buildActionMask = 2147483647;
			files = (
			);
			inputPaths = (
			);
			name = "[CP] Copy Pods Resources";
			outputPaths = (
			);
			runOnlyForDeploymentPostprocessing = 0;
			shellPath = /bin/sh;
			shellScript = "\"${SRCROOT}/Pods/Target Support Files/Pods-bit-flyer-chart-mvvmTests/Pods-bit-flyer-chart-mvvmTests-resources.sh\"\n";
			showEnvVarsInLog = 0;
		};
		ED622DEFFF2469DE8AAD9EA5 /* [CP] Check Pods Manifest.lock */ = {
			isa = PBXShellScriptBuildPhase;
			buildActionMask = 2147483647;
			files = (
			);
			inputPaths = (
				"${PODS_PODFILE_DIR_PATH}/Podfile.lock",
				"${PODS_ROOT}/Manifest.lock",
			);
			name = "[CP] Check Pods Manifest.lock";
			outputPaths = (
				"$(DERIVED_FILE_DIR)/Pods-bit-flyer-chart-mvvmUITests-checkManifestLockResult.txt",
			);
			runOnlyForDeploymentPostprocessing = 0;
			shellPath = /bin/sh;
			shellScript = "diff \"${PODS_PODFILE_DIR_PATH}/Podfile.lock\" \"${PODS_ROOT}/Manifest.lock\" > /dev/null\nif [ $? != 0 ] ; then\n    # print error to STDERR\n    echo \"error: The sandbox is not in sync with the Podfile.lock. Run 'pod install' or update your CocoaPods installation.\" >&2\n    exit 1\nfi\n# This output is used by Xcode 'outputs' to avoid re-running this script phase.\necho \"SUCCESS\" > \"${SCRIPT_OUTPUT_FILE_0}\"\n";
			showEnvVarsInLog = 0;
		};
/* End PBXShellScriptBuildPhase section */

/* Begin PBXSourcesBuildPhase section */
		31F101F71F828AE80046080E /* Sources */ = {
			isa = PBXSourcesBuildPhase;
			buildActionMask = 2147483647;
			files = (
				31F102031F828AE80046080E /* SecondViewController.swift in Sources */,
				31F101FF1F828AE80046080E /* AppDelegate.swift in Sources */,
				31F102011F828AE80046080E /* FirstViewController.swift in Sources */,
			);
			runOnlyForDeploymentPostprocessing = 0;
		};
		31F1020D1F828AE80046080E /* Sources */ = {
			isa = PBXSourcesBuildPhase;
			buildActionMask = 2147483647;
			files = (
				31F102161F828AE80046080E /* bit_flyer_chart_mvvmTests.swift in Sources */,
			);
			runOnlyForDeploymentPostprocessing = 0;
		};
		31F102181F828AE80046080E /* Sources */ = {
			isa = PBXSourcesBuildPhase;
			buildActionMask = 2147483647;
			files = (
				31F102211F828AE80046080E /* bit_flyer_chart_mvvmUITests.swift in Sources */,
			);
			runOnlyForDeploymentPostprocessing = 0;
		};
/* End PBXSourcesBuildPhase section */

/* Begin PBXTargetDependency section */
		31F102131F828AE80046080E /* PBXTargetDependency */ = {
			isa = PBXTargetDependency;
			target = 31F101FA1F828AE80046080E /* bit-flyer-chart-mvvm */;
			targetProxy = 31F102121F828AE80046080E /* PBXContainerItemProxy */;
		};
		31F1021E1F828AE80046080E /* PBXTargetDependency */ = {
			isa = PBXTargetDependency;
			target = 31F101FA1F828AE80046080E /* bit-flyer-chart-mvvm */;
			targetProxy = 31F1021D1F828AE80046080E /* PBXContainerItemProxy */;
		};
/* End PBXTargetDependency section */

/* Begin PBXVariantGroup section */
		31F102041F828AE80046080E /* Main.storyboard */ = {
			isa = PBXVariantGroup;
			children = (
				31F102051F828AE80046080E /* Base */,
			);
			name = Main.storyboard;
			sourceTree = "<group>";
		};
		31F102091F828AE80046080E /* LaunchScreen.storyboard */ = {
			isa = PBXVariantGroup;
			children = (
				31F1020A1F828AE80046080E /* Base */,
			);
			name = LaunchScreen.storyboard;
			sourceTree = "<group>";
		};
/* End PBXVariantGroup section */

/* Begin XCBuildConfiguration section */
		31F102231F828AE80046080E /* Debug */ = {
			isa = XCBuildConfiguration;
			buildSettings = {
				ALWAYS_SEARCH_USER_PATHS = NO;
				CLANG_ANALYZER_NONNULL = YES;
				CLANG_ANALYZER_NUMBER_OBJECT_CONVERSION = YES_AGGRESSIVE;
				CLANG_CXX_LANGUAGE_STANDARD = "gnu++14";
				CLANG_CXX_LIBRARY = "libc++";
				CLANG_ENABLE_MODULES = YES;
				CLANG_ENABLE_OBJC_ARC = YES;
				CLANG_WARN_BLOCK_CAPTURE_AUTORELEASING = YES;
				CLANG_WARN_BOOL_CONVERSION = YES;
				CLANG_WARN_COMMA = YES;
				CLANG_WARN_CONSTANT_CONVERSION = YES;
				CLANG_WARN_DIRECT_OBJC_ISA_USAGE = YES_ERROR;
				CLANG_WARN_DOCUMENTATION_COMMENTS = YES;
				CLANG_WARN_EMPTY_BODY = YES;
				CLANG_WARN_ENUM_CONVERSION = YES;
				CLANG_WARN_INFINITE_RECURSION = YES;
				CLANG_WARN_INT_CONVERSION = YES;
				CLANG_WARN_NON_LITERAL_NULL_CONVERSION = YES;
				CLANG_WARN_OBJC_LITERAL_CONVERSION = YES;
				CLANG_WARN_OBJC_ROOT_CLASS = YES_ERROR;
				CLANG_WARN_RANGE_LOOP_ANALYSIS = YES;
				CLANG_WARN_STRICT_PROTOTYPES = YES;
				CLANG_WARN_SUSPICIOUS_MOVE = YES;
				CLANG_WARN_UNGUARDED_AVAILABILITY = YES_AGGRESSIVE;
				CLANG_WARN_UNREACHABLE_CODE = YES;
				CLANG_WARN__DUPLICATE_METHOD_MATCH = YES;
				CODE_SIGN_IDENTITY = "iPhone Developer";
				COPY_PHASE_STRIP = NO;
				DEBUG_INFORMATION_FORMAT = dwarf;
				ENABLE_STRICT_OBJC_MSGSEND = YES;
				ENABLE_TESTABILITY = YES;
				GCC_C_LANGUAGE_STANDARD = gnu11;
				GCC_DYNAMIC_NO_PIC = NO;
				GCC_NO_COMMON_BLOCKS = YES;
				GCC_OPTIMIZATION_LEVEL = 0;
				GCC_PREPROCESSOR_DEFINITIONS = (
					"DEBUG=1",
					"$(inherited)",
				);
				GCC_WARN_64_TO_32_BIT_CONVERSION = YES;
				GCC_WARN_ABOUT_RETURN_TYPE = YES_ERROR;
				GCC_WARN_UNDECLARED_SELECTOR = YES;
				GCC_WARN_UNINITIALIZED_AUTOS = YES_AGGRESSIVE;
				GCC_WARN_UNUSED_FUNCTION = YES;
				GCC_WARN_UNUSED_VARIABLE = YES;
				IPHONEOS_DEPLOYMENT_TARGET = 11.0;
				MTL_ENABLE_DEBUG_INFO = YES;
				ONLY_ACTIVE_ARCH = YES;
				SDKROOT = iphoneos;
				SWIFT_ACTIVE_COMPILATION_CONDITIONS = DEBUG;
				SWIFT_OPTIMIZATION_LEVEL = "-Onone";
			};
			name = Debug;
		};
		31F102241F828AE80046080E /* Release */ = {
			isa = XCBuildConfiguration;
			buildSettings = {
				ALWAYS_SEARCH_USER_PATHS = NO;
				CLANG_ANALYZER_NONNULL = YES;
				CLANG_ANALYZER_NUMBER_OBJECT_CONVERSION = YES_AGGRESSIVE;
				CLANG_CXX_LANGUAGE_STANDARD = "gnu++14";
				CLANG_CXX_LIBRARY = "libc++";
				CLANG_ENABLE_MODULES = YES;
				CLANG_ENABLE_OBJC_ARC = YES;
				CLANG_WARN_BLOCK_CAPTURE_AUTORELEASING = YES;
				CLANG_WARN_BOOL_CONVERSION = YES;
				CLANG_WARN_COMMA = YES;
				CLANG_WARN_CONSTANT_CONVERSION = YES;
				CLANG_WARN_DIRECT_OBJC_ISA_USAGE = YES_ERROR;
				CLANG_WARN_DOCUMENTATION_COMMENTS = YES;
				CLANG_WARN_EMPTY_BODY = YES;
				CLANG_WARN_ENUM_CONVERSION = YES;
				CLANG_WARN_INFINITE_RECURSION = YES;
				CLANG_WARN_INT_CONVERSION = YES;
				CLANG_WARN_NON_LITERAL_NULL_CONVERSION = YES;
				CLANG_WARN_OBJC_LITERAL_CONVERSION = YES;
				CLANG_WARN_OBJC_ROOT_CLASS = YES_ERROR;
				CLANG_WARN_RANGE_LOOP_ANALYSIS = YES;
				CLANG_WARN_STRICT_PROTOTYPES = YES;
				CLANG_WARN_SUSPICIOUS_MOVE = YES;
				CLANG_WARN_UNGUARDED_AVAILABILITY = YES_AGGRESSIVE;
				CLANG_WARN_UNREACHABLE_CODE = YES;
				CLANG_WARN__DUPLICATE_METHOD_MATCH = YES;
				CODE_SIGN_IDENTITY = "iPhone Developer";
				COPY_PHASE_STRIP = NO;
				DEBUG_INFORMATION_FORMAT = "dwarf-with-dsym";
				ENABLE_NS_ASSERTIONS = NO;
				ENABLE_STRICT_OBJC_MSGSEND = YES;
				GCC_C_LANGUAGE_STANDARD = gnu11;
				GCC_NO_COMMON_BLOCKS = YES;
				GCC_WARN_64_TO_32_BIT_CONVERSION = YES;
				GCC_WARN_ABOUT_RETURN_TYPE = YES_ERROR;
				GCC_WARN_UNDECLARED_SELECTOR = YES;
				GCC_WARN_UNINITIALIZED_AUTOS = YES_AGGRESSIVE;
				GCC_WARN_UNUSED_FUNCTION = YES;
				GCC_WARN_UNUSED_VARIABLE = YES;
				IPHONEOS_DEPLOYMENT_TARGET = 11.0;
				MTL_ENABLE_DEBUG_INFO = NO;
				SDKROOT = iphoneos;
				SWIFT_OPTIMIZATION_LEVEL = "-Owholemodule";
				VALIDATE_PRODUCT = YES;
			};
			name = Release;
		};
		31F102261F828AE80046080E /* Debug */ = {
			isa = XCBuildConfiguration;
			baseConfigurationReference = 4CA48DAA680A9149F4239077 /* Pods-bit-flyer-chart-mvvm.debug.xcconfig */;
			buildSettings = {
				ALWAYS_EMBED_SWIFT_STANDARD_LIBRARIES = "$(inherited)";
				ASSETCATALOG_COMPILER_APPICON_NAME = AppIcon;
				CODE_SIGN_STYLE = Automatic;
				INFOPLIST_FILE = "bit-flyer-chart-mvvm/Info.plist";
				LD_RUNPATH_SEARCH_PATHS = "$(inherited) @executable_path/Frameworks";
				PRODUCT_BUNDLE_IDENTIFIER = "com.example.bit-flyer-chart-mvvm";
				PRODUCT_NAME = "$(TARGET_NAME)";
				SWIFT_VERSION = 4.0;
				TARGETED_DEVICE_FAMILY = "1,2";
			};
			name = Debug;
		};
		31F102271F828AE80046080E /* Release */ = {
			isa = XCBuildConfiguration;
			baseConfigurationReference = 82EE4E4D288F65589309630B /* Pods-bit-flyer-chart-mvvm.release.xcconfig */;
			buildSettings = {
				ALWAYS_EMBED_SWIFT_STANDARD_LIBRARIES = "$(inherited)";
				ASSETCATALOG_COMPILER_APPICON_NAME = AppIcon;
				CODE_SIGN_STYLE = Automatic;
				INFOPLIST_FILE = "bit-flyer-chart-mvvm/Info.plist";
				LD_RUNPATH_SEARCH_PATHS = "$(inherited) @executable_path/Frameworks";
				PRODUCT_BUNDLE_IDENTIFIER = "com.example.bit-flyer-chart-mvvm";
				PRODUCT_NAME = "$(TARGET_NAME)";
				SWIFT_VERSION = 4.0;
				TARGETED_DEVICE_FAMILY = "1,2";
			};
			name = Release;
		};
		31F102291F828AE80046080E /* Debug */ = {
			isa = XCBuildConfiguration;
			baseConfigurationReference = FE9FA61A335BC14668569134 /* Pods-bit-flyer-chart-mvvmTests.debug.xcconfig */;
			buildSettings = {
				ALWAYS_EMBED_SWIFT_STANDARD_LIBRARIES = "$(inherited)";
				BUNDLE_LOADER = "$(TEST_HOST)";
				CODE_SIGN_STYLE = Automatic;
				INFOPLIST_FILE = "bit-flyer-chart-mvvmTests/Info.plist";
				LD_RUNPATH_SEARCH_PATHS = "$(inherited) @executable_path/Frameworks @loader_path/Frameworks";
				PRODUCT_BUNDLE_IDENTIFIER = "com.example.bit-flyer-chart-mvvmTests";
				PRODUCT_NAME = "$(TARGET_NAME)";
				SWIFT_VERSION = 4.0;
				TARGETED_DEVICE_FAMILY = "1,2";
				TEST_HOST = "$(BUILT_PRODUCTS_DIR)/bit-flyer-chart-mvvm.app/bit-flyer-chart-mvvm";
			};
			name = Debug;
		};
		31F1022A1F828AE80046080E /* Release */ = {
			isa = XCBuildConfiguration;
			baseConfigurationReference = 94B46D9EF9B6912EED8A9E0B /* Pods-bit-flyer-chart-mvvmTests.release.xcconfig */;
			buildSettings = {
				ALWAYS_EMBED_SWIFT_STANDARD_LIBRARIES = "$(inherited)";
				BUNDLE_LOADER = "$(TEST_HOST)";
				CODE_SIGN_STYLE = Automatic;
				INFOPLIST_FILE = "bit-flyer-chart-mvvmTests/Info.plist";
				LD_RUNPATH_SEARCH_PATHS = "$(inherited) @executable_path/Frameworks @loader_path/Frameworks";
				PRODUCT_BUNDLE_IDENTIFIER = "com.example.bit-flyer-chart-mvvmTests";
				PRODUCT_NAME = "$(TARGET_NAME)";
				SWIFT_VERSION = 4.0;
				TARGETED_DEVICE_FAMILY = "1,2";
				TEST_HOST = "$(BUILT_PRODUCTS_DIR)/bit-flyer-chart-mvvm.app/bit-flyer-chart-mvvm";
			};
			name = Release;
		};
		31F1022C1F828AE80046080E /* Debug */ = {
			isa = XCBuildConfiguration;
			baseConfigurationReference = E44042C40BBA2028FFCFC875 /* Pods-bit-flyer-chart-mvvmUITests.debug.xcconfig */;
			buildSettings = {
				ALWAYS_EMBED_SWIFT_STANDARD_LIBRARIES = "$(inherited)";
				CODE_SIGN_STYLE = Automatic;
				INFOPLIST_FILE = "bit-flyer-chart-mvvmUITests/Info.plist";
				LD_RUNPATH_SEARCH_PATHS = "$(inherited) @executable_path/Frameworks @loader_path/Frameworks";
				PRODUCT_BUNDLE_IDENTIFIER = "com.example.bit-flyer-chart-mvvmUITests";
				PRODUCT_NAME = "$(TARGET_NAME)";
				SWIFT_VERSION = 4.0;
				TARGETED_DEVICE_FAMILY = "1,2";
				TEST_TARGET_NAME = "bit-flyer-chart-mvvm";
			};
			name = Debug;
		};
		31F1022D1F828AE80046080E /* Release */ = {
			isa = XCBuildConfiguration;
			baseConfigurationReference = BF54AE35BE2D59759559EB1A /* Pods-bit-flyer-chart-mvvmUITests.release.xcconfig */;
			buildSettings = {
				ALWAYS_EMBED_SWIFT_STANDARD_LIBRARIES = "$(inherited)";
				CODE_SIGN_STYLE = Automatic;
				INFOPLIST_FILE = "bit-flyer-chart-mvvmUITests/Info.plist";
				LD_RUNPATH_SEARCH_PATHS = "$(inherited) @executable_path/Frameworks @loader_path/Frameworks";
				PRODUCT_BUNDLE_IDENTIFIER = "com.example.bit-flyer-chart-mvvmUITests";
				PRODUCT_NAME = "$(TARGET_NAME)";
				SWIFT_VERSION = 4.0;
				TARGETED_DEVICE_FAMILY = "1,2";
				TEST_TARGET_NAME = "bit-flyer-chart-mvvm";
			};
			name = Release;
		};
/* End XCBuildConfiguration section */

/* Begin XCConfigurationList section */
		31F101F61F828AE80046080E /* Build configuration list for PBXProject "bit-flyer-chart-mvvm" */ = {
			isa = XCConfigurationList;
			buildConfigurations = (
				31F102231F828AE80046080E /* Debug */,
				31F102241F828AE80046080E /* Release */,
			);
			defaultConfigurationIsVisible = 0;
			defaultConfigurationName = Release;
		};
		31F102251F828AE80046080E /* Build configuration list for PBXNativeTarget "bit-flyer-chart-mvvm" */ = {
			isa = XCConfigurationList;
			buildConfigurations = (
				31F102261F828AE80046080E /* Debug */,
				31F102271F828AE80046080E /* Release */,
			);
			defaultConfigurationIsVisible = 0;
			defaultConfigurationName = Release;
		};
		31F102281F828AE80046080E /* Build configuration list for PBXNativeTarget "bit-flyer-chart-mvvmTests" */ = {
			isa = XCConfigurationList;
			buildConfigurations = (
				31F102291F828AE80046080E /* Debug */,
				31F1022A1F828AE80046080E /* Release */,
			);
			defaultConfigurationIsVisible = 0;
			defaultConfigurationName = Release;
		};
		31F1022B1F828AE80046080E /* Build configuration list for PBXNativeTarget "bit-flyer-chart-mvvmUITests" */ = {
			isa = XCConfigurationList;
			buildConfigurations = (
				31F1022C1F828AE80046080E /* Debug */,
				31F1022D1F828AE80046080E /* Release */,
			);
			defaultConfigurationIsVisible = 0;
			defaultConfigurationName = Release;
		};
/* End XCConfigurationList section */
	};
	rootObject = 31F101F31F828AE80046080E /* Project object */;
}
